
Microsoft Visual Studio Solution File, Format Version 12.00
# Visual Studio Version 17
VisualStudioVersion = 17.2.32519.379
MinimumVisualStudioVersion = 10.0.40219.1
Project("{FAE04EC0-301F-11D3-BF4B-00C04F79EFBC}") = "AssesmentMoodAnalyser", "AssesmentMoodAnalyser\AssesmentMoodAnalyser.csproj", "{2DDF3942-886F-4510-ADAD-C8A0BCEE0AF8}"
EndProject
Project("{FAE04EC0-301F-11D3-BF4B-00C04F79EFBC}") = "NunitTestMoodAnalyser", "NunitTestMoodAnalyser\NunitTestMoodAnalyser.csproj", "{56B0E735-336F-4647-A2BE-88C69AF2630C}"
EndProject
Global
	GlobalSection(SolutionConfigurationPlatforms) = preSolution
		Debug|Any CPU = Debug|Any CPU
		Release|Any CPU = Release|Any CPU
	EndGlobalSection
	GlobalSection(ProjectConfigurationPlatforms) = postSolution
		{2DDF3942-886F-4510-ADAD-C8A0BCEE0AF8}.Debug|Any CPU.ActiveCfg = Debug|Any CPU
		{2DDF3942-886F-4510-ADAD-C8A0BCEE0AF8}.Debug|Any CPU.Build.0 = Debug|Any CPU
		{2DDF3942-886F-4510-ADAD-C8A0BCEE0AF8}.Release|Any CPU.ActiveCfg = Release|Any CPU
		{2DDF3942-886F-4510-ADAD-C8A0BCEE0AF8}.Release|Any CPU.Build.0 = Release|Any CPU
		{56B0E735-336F-4647-A2BE-88C69AF2630C}.Debug|Any CPU.ActiveCfg = Debug|Any CPU
		{56B0E735-336F-4647-A2BE-88C69AF2630C}.Debug|Any CPU.Build.0 = Debug|Any CPU
		{56B0E735-336F-4647-A2BE-88C69AF2630C}.Release|Any CPU.ActiveCfg = Release|Any CPU
		{56B0E735-336F-4647-A2BE-88C69AF2630C}.Release|Any CPU.Build.0 = Release|Any CPU
	EndGlobalSection
	GlobalSection(SolutionProperties) = preSolution
		HideSolutionNode = FALSE
	EndGlobalSection
	GlobalSection(ExtensibilityGlobals) = postSolution
		SolutionGuid = {67DD76E7-DD23-45D1-9066-58A8A5894E4E}
	EndGlobalSection
EndGlobal
